// !$*UTF8*$!
{
	archiveVersion = 1;
	classes = {
	};
	objectVersion = 46;
	objects = {

/* Begin PBXBuildFile section */
		93AFE64F1CE5D05C00FA0697 /* main.m in Sources */ = {isa = PBXBuildFile; fileRef = 93AFE64E1CE5D05C00FA0697 /* main.m */; };
		93AFE6581CE5D07F00FA0697 /* GCDAsyncSocket.m in Sources */ = {isa = PBXBuildFile; fileRef = 93AFE6571CE5D07F00FA0697 /* GCDAsyncSocket.m */; };
		93AFE65B1CE5D0E400FA0697 /* WBServerListener.m in Sources */ = {isa = PBXBuildFile; fileRef = 93AFE65A1CE5D0E400FA0697 /* WBServerListener.m */; };
/* End PBXBuildFile section */

/* Begin PBXCopyFilesBuildPhase section */
		93AFE6491CE5D05C00FA0697 /* CopyFiles */ = {
			isa = PBXCopyFilesBuildPhase;
			buildActionMask = 2147483647;
			dstPath = /usr/share/man/man1/;
			dstSubfolderSpec = 0;
			files = (
			);
			runOnlyForDeploymentPostprocessing = 1;
		};
/* End PBXCopyFilesBuildPhase section */

/* Begin PBXFileReference section */
		93AFE64B1CE5D05C00FA0697 /* GCDAsyncSocket聊天室服务端 */ = {isa = PBXFileReference; explicitFileType = "compiled.mach-o.executable"; includeInIndex = 0; path = "GCDAsyncSocket聊天室服务端"; sourceTree = BUILT_PRODUCTS_DIR; };
		93AFE64E1CE5D05C00FA0697 /* main.m */ = {isa = PBXFileReference; lastKnownFileType = sourcecode.c.objc; path = main.m; sourceTree = "<group>"; };
		93AFE6561CE5D07F00FA0697 /* GCDAsyncSocket.h */ = {isa = PBXFileReference; fileEncoding = 4; lastKnownFileType = sourcecode.c.h; path = GCDAsyncSocket.h; sourceTree = "<group>"; };
		93AFE6571CE5D07F00FA0697 /* GCDAsyncSocket.m */ = {isa = PBXFileReference; fileEncoding = 4; lastKnownFileType = sourcecode.c.objc; path = GCDAsyncSocket.m; sourceTree = "<group>"; };
		93AFE6591CE5D0E300FA0697 /* WBServerListener.h */ = {isa = PBXFileReference; fileEncoding = 4; lastKnownFileType = sourcecode.c.h; path = WBServerListener.h; sourceTree = "<group>"; };
		93AFE65A1CE5D0E400FA0697 /* WBServerListener.m */ = {isa = PBXFileReference; fileEncoding = 4; lastKnownFileType = sourcecode.c.objc; path = WBServerListener.m; sourceTree = "<group>"; };
/* End PBXFileReference section */

/* Begin PBXFrameworksBuildPhase section */
		93AFE6481CE5D05C00FA0697 /* Frameworks */ = {
			isa = PBXFrameworksBuildPhase;
			buildActionMask = 2147483647;
			files = (
			);
			runOnlyForDeploymentPostprocessing = 0;
		};
/* End PBXFrameworksBuildPhase section */

/* Begin PBXGroup section */
		93AFE6421CE5D05C00FA0697 = {
			isa = PBXGroup;
			children = (
				93AFE64D1CE5D05C00FA0697 /* GCDAsyncSocket聊天室服务端 */,
				93AFE64C1CE5D05C00FA0697 /* Products */,
			);
			sourceTree = "<group>";
		};
		93AFE64C1CE5D05C00FA0697 /* Products */ = {
			isa = PBXGroup;
			children = (
				93AFE64B1CE5D05C00FA0697 /* GCDAsyncSocket聊天室服务端 */,
			);
			name = Products;
			sourceTree = "<group>";
		};
		93AFE64D1CE5D05C00FA0697 /* GCDAsyncSocket聊天室服务端 */ = {
			isa = PBXGroup;
			children = (
				93AFE6551CE5D07F00FA0697 /* GCDAsyncSocket */,
				93AFE64E1CE5D05C00FA0697 /* main.m */,
				93AFE6591CE5D0E300FA0697 /* WBServerListener.h */,
				93AFE65A1CE5D0E400FA0697 /* WBServerListener.m */,
			);
			path = "GCDAsyncSocket聊天室服务端";
			sourceTree = "<group>";
		};
		93AFE6551CE5D07F00FA0697 /* GCDAsyncSocket */ = {
			isa = PBXGroup;
			children = (
				93AFE6561CE5D07F00FA0697 /* GCDAsyncSocket.h */,
				93AFE6571CE5D07F00FA0697 /* GCDAsyncSocket.m */,
			);
			path = GCDAsyncSocket;
			sourceTree = "<group>";
		};
/* End PBXGroup section */

/* Begin PBXNativeTarget section */
		93AFE64A1CE5D05C00FA0697 /* GCDAsyncSocket聊天室服务端 */ = {
			isa = PBXNativeTarget;
			buildConfigurationList = 93AFE6521CE5D05C00FA0697 /* Build configuration list for PBXNativeTarget "GCDAsyncSocket聊天室服务端" */;
			buildPhases = (
				93AFE6471CE5D05C00FA0697 /* Sources */,
				93AFE6481CE5D05C00FA0697 /* Frameworks */,
				93AFE6491CE5D05C00FA0697 /* CopyFiles */,
			);
			buildRules = (
			);
			dependencies = (
			);
			name = "GCDAsyncSocket聊天室服务端";
			productName = "GCDAsyncSocket聊天室服务端";
			productReference = 93AFE64B1CE5D05C00FA0697 /* GCDAsyncSocket聊天室服务端 */;
			productType = "com.apple.product-type.tool";
		};
/* End PBXNativeTarget section */

/* Begin PBXProject section */
		93AFE6431CE5D05C00FA0697 /* Project object */ = {
			isa = PBXProject;
			attributes = {
				LastUpgradeCheck = 0730;
				ORGANIZATIONNAME = wubiao;
				TargetAttributes = {
					93AFE64A1CE5D05C00FA0697 = {
						CreatedOnToolsVersion = 7.3;
					};
				};
			};
			buildConfigurationList = 93AFE6461CE5D05C00FA0697 /* Build configuration list for PBXProject "GCDAsyncSocket聊天室服务端" */;
			compatibilityVersion = "Xcode 3.2";
			developmentRegion = English;
			hasScannedForEncodings = 0;
			knownRegions = (
				en,
			);
			mainGroup = 93AFE6421CE5D05C00FA0697;
			productRefGroup = 93AFE64C1CE5D05C00FA0697 /* Products */;
			projectDirPath = "";
			projectRoot = "";
			targets = (
				93AFE64A1CE5D05C00FA0697 /* GCDAsyncSocket聊天室服务端 */,
			);
		};
/* End PBXProject section */

/* Begin PBXSourcesBuildPhase section */
		93AFE6471CE5D05C00FA0697 /* Sources */ = {
			isa = PBXSourcesBuildPhase;
			buildActionMask = 2147483647;
			files = (
				93AFE65B1CE5D0E400FA0697 /* WBServerListener.m in Sources */,
				93AFE6581CE5D07F00FA0697 /* GCDAsyncSocket.m in Sources */,
				93AFE64F1CE5D05C00FA0697 /* main.m in Sources */,
			);
			runOnlyForDeploymentPostprocessing = 0;
		};
/* End PBXSourcesBuildPhase section */

/* Begin XCBuildConfiguration section */
		93AFE6501CE5D05C00FA0697 /* Debug */ = {
			isa = XCBuildConfiguration;
			buildSettings = {
				ALWAYS_SEARCH_USER_PATHS = NO;
				CLANG_ANALYZER_NONNULL = YES;
				CLANG_CXX_LANGUAGE_STANDARD = "gnu++0x";
				CLANG_CXX_LIBRARY = "libc++";
				CLANG_ENABLE_MODULES = YES;
				CLANG_ENABLE_OBJC_ARC = YES;
				CLANG_WARN_BOOL_CONVERSION = YES;
				CLANG_WARN_CONSTANT_CONVERSION = YES;
				CLANG_WARN_DIRECT_OBJC_ISA_USAGE = YES_ERROR;
				CLANG_WARN_EMPTY_BODY = YES;
				CLANG_WARN_ENUM_CONVERSION = YES;
				CLANG_WARN_INT_CONVERSION = YES;
				CLANG_WARN_OBJC_ROOT_CLASS = YES_ERROR;
				CLANG_WARN_UNREACHABLE_CODE = YES;
				CLANG_WARN__DUPLICATE_METHOD_MATCH = YES;
				CODE_SIGN_IDENTITY = "-";
				COPY_PHASE_STRIP = NO;
				DEBUG_INFORMATION_FORMAT = dwarf;
				ENABLE_STRICT_OBJC_MSGSEND = YES;
				ENABLE_TESTABILITY = YES;
				GCC_C_LANGUAGE_STANDARD = gnu99;
				GCC_DYNAMIC_NO_PIC = NO;
				GCC_NO_COMMON_BLOCKS = YES;
				GCC_OPTIMIZATION_LEVEL = 0;
				GCC_PREPROCESSOR_DEFINITIONS = (
					"DEBUG=1",
					"$(inherited)",
				);
				GCC_WARN_64_TO_32_BIT_CONVERSION = YES;
				GCC_WARN_ABOUT_RETURN_TYPE = YES_ERROR;
				GCC_WARN_UNDECLARED_SELECTOR = YES;
				GCC_WARN_UNINITIALIZED_AUTOS = YES_AGGRESSIVE;
				GCC_WARN_UNUSED_FUNCTION = YES;
				GCC_WARN_UNUSED_VARIABLE = YES;
				MACOSX_DEPLOYMENT_TARGET = 10.11;
				MTL_ENABLE_DEBUG_INFO = YES;
				ONLY_ACTIVE_ARCH = YES;
				SDKROOT = macosx;
			};
			name = Debug;
		};
		93AFE6511CE5D05C00FA0697 /* Release */ = {
			isa = XCBuildConfiguration;
			buildSettings = {
				ALWAYS_SEARCH_USER_PATHS = NO;
				CLANG_ANALYZER_NONNULL = YES;
				CLANG_CXX_LANGUAGE_STANDARD = "gnu++0x";
				CLANG_CXX_LIBRARY = "libc++";
				CLANG_ENABLE_MODULES = YES;
				CLANG_ENABLE_OBJC_ARC = YES;
				CLANG_WARN_BOOL_CONVERSION = YES;
				CLANG_WARN_CONSTANT_CONVERSION = YES;
				CLANG_WARN_DIRECT_OBJC_ISA_USAGE = YES_ERROR;
				CLANG_WARN_EMPTY_BODY = YES;
				CLANG_WARN_ENUM_CONVERSION = YES;
				CLANG_WARN_INT_CONVERSION = YES;
				CLANG_WARN_OBJC_ROOT_CLASS = YES_ERROR;
				CLANG_WARN_UNREACHABLE_CODE = YES;
				CLANG_WARN__DUPLICATE_METHOD_MATCH = YES;
				CODE_SIGN_IDENTITY = "-";
				COPY_PHASE_STRIP = NO;
				DEBUG_INFORMATION_FORMAT = "dwarf-with-dsym";
				ENABLE_NS_ASSERTIONS = NO;
				ENABLE_STRICT_OBJC_MSGSEND = YES;
				GCC_C_LANGUAGE_STANDARD = gnu99;
				GCC_NO_COMMON_BLOCKS = YES;
				GCC_WARN_64_TO_32_BIT_CONVERSION = YES;
				GCC_WARN_ABOUT_RETURN_TYPE = YES_ERROR;
				GCC_WARN_UNDECLARED_SELECTOR = YES;
				GCC_WARN_UNINITIALIZED_AUTOS = YES_AGGRESSIVE;
				GCC_WARN_UNUSED_FUNCTION = YES;
				GCC_WARN_UNUSED_VARIABLE = YES;
				MACOSX_DEPLOYMENT_TARGET = 10.11;
				MTL_ENABLE_DEBUG_INFO = NO;
				SDKROOT = macosx;
			};
			name = Release;
		};
		93AFE6531CE5D05C00FA0697 /* Debug */ = {
			isa = XCBuildConfiguration;
			buildSettings = {
				PRODUCT_NAME = "$(TARGET_NAME)";
			};
			name = Debug;
		};
		93AFE6541CE5D05C00FA0697 /* Release */ = {
			isa = XCBuildConfiguration;
			buildSettings = {
				PRODUCT_NAME = "$(TARGET_NAME)";
			};
			name = Release;
		};
/* End XCBuildConfiguration section */

/* Begin XCConfigurationList section */
		93AFE6461CE5D05C00FA0697 /* Build configuration list for PBXProject "GCDAsyncSocket聊天室服务端" */ = {
			isa = XCConfigurationList;
			buildConfigurations = (
				93AFE6501CE5D05C00FA0697 /* Debug */,
				93AFE6511CE5D05C00FA0697 /* Release */,
			);
			defaultConfigurationIsVisible = 0;
			defaultConfigurationName = Release;
		};
		93AFE6521CE5D05C00FA0697 /* Build configuration list for PBXNativeTarget "GCDAsyncSocket聊天室服务端" */ = {
			isa = XCConfigurationList;
			buildConfigurations = (
				93AFE6531CE5D05C00FA0697 /* Debug */,
				93AFE6541CE5D05C00FA0697 /* Release */,
			);
			defaultConfigurationIsVisible = 0;
		};
/* End XCConfigurationList section */
	};
	rootObject = 93AFE6431CE5D05C00FA0697 /* Project object */;
}
